
Microsoft Visual Studio Solution File, Format Version 12.00
# Visual Studio Version 16
VisualStudioVersion = 16.0.30611.23
MinimumVisualStudioVersion = 10.0.40219.1
Project("{FAE04EC0-301F-11D3-BF4B-00C04F79EFBC}") = "FastFood", "FastFood\FastFood.csproj", "{A8D76C99-EFB5-414E-9603-C09B5E941A61}"
EndProject
Global
	GlobalSection(SolutionConfigurationPlatforms) = preSolution
		Debug|Any CPU = Debug|Any CPU
		Release|Any CPU = Release|Any CPU
	EndGlobalSection
	GlobalSection(ProjectConfigurationPlatforms) = postSolution
		{A8D76C99-EFB5-414E-9603-C09B5E941A61}.Debug|Any CPU.ActiveCfg = Debug|Any CPU
		{A8D76C99-EFB5-414E-9603-C09B5E941A61}.Debug|Any CPU.Build.0 = Debug|Any CPU
		{A8D76C99-EFB5-414E-9603-C09B5E941A61}.Release|Any CPU.ActiveCfg = Release|Any CPU
		{A8D76C99-EFB5-414E-9603-C09B5E941A61}.Release|Any CPU.Build.0 = Release|Any CPU
	EndGlobalSection
	GlobalSection(SolutionProperties) = preSolution
		HideSolutionNode = FALSE
	EndGlobalSection
	GlobalSection(ExtensibilityGlobals) = postSolution
		SolutionGuid = {3E959335-FD6B-47C7-8762-366BEA665D5D}
	EndGlobalSection
EndGlobal
